
Microsoft Visual Studio Solution File, Format Version 12.00
# Visual Studio Version 16
VisualStudioVersion = 16.0.30611.23
MinimumVisualStudioVersion = 10.0.40219.1
Project("{FAE04EC0-301F-11D3-BF4B-00C04F79EFBC}") = "CRMmodel", "CRMmodel\CRMmodel.csproj", "{0FD0753E-C06A-4066-A499-F3CB68730589}"
EndProject
Global
	GlobalSection(SolutionConfigurationPlatforms) = preSolution
		Debug|Any CPU = Debug|Any CPU
		Release|Any CPU = Release|Any CPU
	EndGlobalSection
	GlobalSection(ProjectConfigurationPlatforms) = postSolution
		{0FD0753E-C06A-4066-A499-F3CB68730589}.Debug|Any CPU.ActiveCfg = Debug|Any CPU
		{0FD0753E-C06A-4066-A499-F3CB68730589}.Debug|Any CPU.Build.0 = Debug|Any CPU
		{0FD0753E-C06A-4066-A499-F3CB68730589}.Release|Any CPU.ActiveCfg = Release|Any CPU
		{0FD0753E-C06A-4066-A499-F3CB68730589}.Release|Any CPU.Build.0 = Release|Any CPU
	EndGlobalSection
	GlobalSection(SolutionProperties) = preSolution
		HideSolutionNode = FALSE
	EndGlobalSection
	GlobalSection(ExtensibilityGlobals) = postSolution
		SolutionGuid = {E1510FD7-3F9C-48D0-9191-5A53098C9E81}
	EndGlobalSection
EndGlobal
